
Microsoft Visual Studio Solution File, Format Version 12.00
# Visual Studio Version 16
VisualStudioVersion = 16.0.30717.126
MinimumVisualStudioVersion = 10.0.40219.1
Project("{FAE04EC0-301F-11D3-BF4B-00C04F79EFBC}") = "Rct by TN", "Rct by TN\Rct by TN.csproj", "{3FA58192-3AC4-422E-8D63-D4A309C00380}"
EndProject
Global
	GlobalSection(SolutionConfigurationPlatforms) = preSolution
		Debug|Any CPU = Debug|Any CPU
		Release|Any CPU = Release|Any CPU
	EndGlobalSection
	GlobalSection(ProjectConfigurationPlatforms) = postSolution
		{3FA58192-3AC4-422E-8D63-D4A309C00380}.Debug|Any CPU.ActiveCfg = Debug|Any CPU
		{3FA58192-3AC4-422E-8D63-D4A309C00380}.Debug|Any CPU.Build.0 = Debug|Any CPU
		{3FA58192-3AC4-422E-8D63-D4A309C00380}.Release|Any CPU.ActiveCfg = Release|Any CPU
		{3FA58192-3AC4-422E-8D63-D4A309C00380}.Release|Any CPU.Build.0 = Release|Any CPU
	EndGlobalSection
	GlobalSection(SolutionProperties) = preSolution
		HideSolutionNode = FALSE
	EndGlobalSection
	GlobalSection(ExtensibilityGlobals) = postSolution
		SolutionGuid = {8825D921-FE11-493F-8ABD-049A943BC35E}
	EndGlobalSection
EndGlobal
